
Microsoft Visual Studio Solution File, Format Version 12.00
# Visual Studio 15
VisualStudioVersion = 15.0.28307.705
MinimumVisualStudioVersion = 10.0.40219.1
Project("{9A19103F-16F7-4668-BE54-9A1E7A4F7556}") = "PersonInfo", "PersonInfo\PersonInfo.csproj", "{D866359B-DE7B-47D3-BB98-E4C892C6CBDB}"
EndProject
Project("{9A19103F-16F7-4668-BE54-9A1E7A4F7556}") = "P03_Ferrari", "Ferrari\P03_Ferrari.csproj", "{818C010E-59EA-4DCC-BD05-B34D88CBA7C0}"
EndProject
Project("{9A19103F-16F7-4668-BE54-9A1E7A4F7556}") = "P04_Telephony", "P04_Telephony\P04_Telephony.csproj", "{EF443A61-8B9E-4B43-B3D4-CB85EE30181D}"
EndProject
Project("{9A19103F-16F7-4668-BE54-9A1E7A4F7556}") = "P08_MilitaryElite", "P08_MilitaryElite\P08_MilitaryElite.csproj", "{1C2A62CD-7BC4-41DE-B1BF-C5A33396A543}"
EndProject
Project("{9A19103F-16F7-4668-BE54-9A1E7A4F7556}") = "P05_BorderControl", "P05_BorderControl\P05_BorderControl.csproj", "{57AC2563-B7D5-4972-A250-475CFC8913B0}"
EndProject
Project("{9A19103F-16F7-4668-BE54-9A1E7A4F7556}") = "P06_BirthdayCelebration", "P06_BirthdayCelebration\P06_BirthdayCelebration.csproj", "{F588A416-5EBD-4B9A-870B-E311C79121D6}"
EndProject
Project("{FAE04EC0-301F-11D3-BF4B-00C04F79EFBC}") = "P07_FoodShortage", "P07_FoodShortage\P07_FoodShortage.csproj", "{DD9E13E2-9069-49D7-B24F-EF6268104105}"
EndProject
Global
	GlobalSection(SolutionConfigurationPlatforms) = preSolution
		Debug|Any CPU = Debug|Any CPU
		Release|Any CPU = Release|Any CPU
	EndGlobalSection
	GlobalSection(ProjectConfigurationPlatforms) = postSolution
		{D866359B-DE7B-47D3-BB98-E4C892C6CBDB}.Debug|Any CPU.ActiveCfg = Debug|Any CPU
		{D866359B-DE7B-47D3-BB98-E4C892C6CBDB}.Debug|Any CPU.Build.0 = Debug|Any CPU
		{D866359B-DE7B-47D3-BB98-E4C892C6CBDB}.Release|Any CPU.ActiveCfg = Release|Any CPU
		{D866359B-DE7B-47D3-BB98-E4C892C6CBDB}.Release|Any CPU.Build.0 = Release|Any CPU
		{818C010E-59EA-4DCC-BD05-B34D88CBA7C0}.Debug|Any CPU.ActiveCfg = Debug|Any CPU
		{818C010E-59EA-4DCC-BD05-B34D88CBA7C0}.Debug|Any CPU.Build.0 = Debug|Any CPU
		{818C010E-59EA-4DCC-BD05-B34D88CBA7C0}.Release|Any CPU.ActiveCfg = Release|Any CPU
		{818C010E-59EA-4DCC-BD05-B34D88CBA7C0}.Release|Any CPU.Build.0 = Release|Any CPU
		{EF443A61-8B9E-4B43-B3D4-CB85EE30181D}.Debug|Any CPU.ActiveCfg = Debug|Any CPU
		{EF443A61-8B9E-4B43-B3D4-CB85EE30181D}.Debug|Any CPU.Build.0 = Debug|Any CPU
		{EF443A61-8B9E-4B43-B3D4-CB85EE30181D}.Release|Any CPU.ActiveCfg = Release|Any CPU
		{EF443A61-8B9E-4B43-B3D4-CB85EE30181D}.Release|Any CPU.Build.0 = Release|Any CPU
		{1C2A62CD-7BC4-41DE-B1BF-C5A33396A543}.Debug|Any CPU.ActiveCfg = Debug|Any CPU
		{1C2A62CD-7BC4-41DE-B1BF-C5A33396A543}.Debug|Any CPU.Build.0 = Debug|Any CPU
		{1C2A62CD-7BC4-41DE-B1BF-C5A33396A543}.Release|Any CPU.ActiveCfg = Release|Any CPU
		{1C2A62CD-7BC4-41DE-B1BF-C5A33396A543}.Release|Any CPU.Build.0 = Release|Any CPU
		{57AC2563-B7D5-4972-A250-475CFC8913B0}.Debug|Any CPU.ActiveCfg = Debug|Any CPU
		{57AC2563-B7D5-4972-A250-475CFC8913B0}.Debug|Any CPU.Build.0 = Debug|Any CPU
		{57AC2563-B7D5-4972-A250-475CFC8913B0}.Release|Any CPU.ActiveCfg = Release|Any CPU
		{57AC2563-B7D5-4972-A250-475CFC8913B0}.Release|Any CPU.Build.0 = Release|Any CPU
		{F588A416-5EBD-4B9A-870B-E311C79121D6}.Debug|Any CPU.ActiveCfg = Debug|Any CPU
		{F588A416-5EBD-4B9A-870B-E311C79121D6}.Debug|Any CPU.Build.0 = Debug|Any CPU
		{F588A416-5EBD-4B9A-870B-E311C79121D6}.Release|Any CPU.ActiveCfg = Release|Any CPU
		{F588A416-5EBD-4B9A-870B-E311C79121D6}.Release|Any CPU.Build.0 = Release|Any CPU
		{DD9E13E2-9069-49D7-B24F-EF6268104105}.Debug|Any CPU.ActiveCfg = Debug|Any CPU
		{DD9E13E2-9069-49D7-B24F-EF6268104105}.Debug|Any CPU.Build.0 = Debug|Any CPU
		{DD9E13E2-9069-49D7-B24F-EF6268104105}.Release|Any CPU.ActiveCfg = Release|Any CPU
		{DD9E13E2-9069-49D7-B24F-EF6268104105}.Release|Any CPU.Build.0 = Release|Any CPU
	EndGlobalSection
	GlobalSection(SolutionProperties) = preSolution
		HideSolutionNode = FALSE
	EndGlobalSection
	GlobalSection(ExtensibilityGlobals) = postSolution
		SolutionGuid = {6E89D8CA-233F-4721-9A34-BE2EA542F282}
	EndGlobalSection
EndGlobal
